
Microsoft Visual Studio Solution File, Format Version 12.00
# Visual Studio 15
VisualStudioVersion = 15.0.27004.2006
MinimumVisualStudioVersion = 10.0.40219.1
Project("{8BC9CEB8-8B4A-11D0-8D11-00A0C91BC942}") = "DriverMonitor", "DriverMonitor\DriverMonitor.vcxproj", "{2771FED0-55CC-4EC1-9ED3-4AA32A3C4256}"
EndProject
Project("{8BC9CEB8-8B4A-11D0-8D11-00A0C91BC942}") = "DriverLog", "DriverLog\DriverLog.vcxproj", "{F9DC4D0E-4F16-4DDD-9FA0-46EAB07B7AB1}"
	ProjectSection(ProjectDependencies) = postProject
		{2771FED0-55CC-4EC1-9ED3-4AA32A3C4256} = {2771FED0-55CC-4EC1-9ED3-4AA32A3C4256}
	EndProjectSection
EndProject
Project("{FAE04EC0-301F-11D3-BF4B-00C04F79EFBC}") = "DriverMon", "DriverMon\DriverMon.csproj", "{329AD1E4-D2A5-4373-A774-CDAC08ACB21A}"
	ProjectSection(ProjectDependencies) = postProject
		{2771FED0-55CC-4EC1-9ED3-4AA32A3C4256} = {2771FED0-55CC-4EC1-9ED3-4AA32A3C4256}
	EndProjectSection
EndProject
Project("{FAE04EC0-301F-11D3-BF4B-00C04F79EFBC}") = "BufferManager", "BufferManager\BufferManager.csproj", "{A1E0E6C7-C733-4228-8FF2-27DD2A98B902}"
EndProject
Project("{FAE04EC0-301F-11D3-BF4B-00C04F79EFBC}") = "HexEditControl", "HexEditControl\HexEditControl.csproj", "{708775E8-A45A-4BF8-8082-1A5A0530EF88}"
EndProject
Global
	GlobalSection(SolutionConfigurationPlatforms) = preSolution
		Debug|Any CPU = Debug|Any CPU
		Debug|ARM = Debug|ARM
		Debug|ARM64 = Debug|ARM64
		Debug|x64 = Debug|x64
		Debug|x86 = Debug|x86
		Release|Any CPU = Release|Any CPU
		Release|ARM = Release|ARM
		Release|ARM64 = Release|ARM64
		Release|x64 = Release|x64
		Release|x86 = Release|x86
	EndGlobalSection
	GlobalSection(ProjectConfigurationPlatforms) = postSolution
		{2771FED0-55CC-4EC1-9ED3-4AA32A3C4256}.Debug|Any CPU.ActiveCfg = Debug|x64
		{2771FED0-55CC-4EC1-9ED3-4AA32A3C4256}.Debug|Any CPU.Build.0 = Debug|x64
		{2771FED0-55CC-4EC1-9ED3-4AA32A3C4256}.Debug|Any CPU.Deploy.0 = Debug|x64
		{2771FED0-55CC-4EC1-9ED3-4AA32A3C4256}.Debug|ARM.ActiveCfg = Debug|ARM
		{2771FED0-55CC-4EC1-9ED3-4AA32A3C4256}.Debug|ARM.Build.0 = Debug|ARM
		{2771FED0-55CC-4EC1-9ED3-4AA32A3C4256}.Debug|ARM.Deploy.0 = Debug|ARM
		{2771FED0-55CC-4EC1-9ED3-4AA32A3C4256}.Debug|ARM64.ActiveCfg = Debug|ARM64
		{2771FED0-55CC-4EC1-9ED3-4AA32A3C4256}.Debug|ARM64.Build.0 = Debug|ARM64
		{2771FED0-55CC-4EC1-9ED3-4AA32A3C4256}.Debug|ARM64.Deploy.0 = Debug|ARM64
		{2771FED0-55CC-4EC1-9ED3-4AA32A3C4256}.Debug|x64.ActiveCfg = Debug|x64
		{2771FED0-55CC-4EC1-9ED3-4AA32A3C4256}.Debug|x64.Build.0 = Debug|x64
		{2771FED0-55CC-4EC1-9ED3-4AA32A3C4256}.Debug|x64.Deploy.0 = Debug|x64
		{2771FED0-55CC-4EC1-9ED3-4AA32A3C4256}.Debug|x86.ActiveCfg = Debug|Win32
		{2771FED0-55CC-4EC1-9ED3-4AA32A3C4256}.Debug|x86.Build.0 = Debug|Win32
		{2771FED0-55CC-4EC1-9ED3-4AA32A3C4256}.Debug|x86.Deploy.0 = Debug|Win32
		{2771FED0-55CC-4EC1-9ED3-4AA32A3C4256}.Release|Any CPU.ActiveCfg = Release|x64
		{2771FED0-55CC-4EC1-9ED3-4AA32A3C4256}.Release|Any CPU.Build.0 = Release|x64
		{2771FED0-55CC-4EC1-9ED3-4AA32A3C4256}.Release|ARM.ActiveCfg = Release|ARM
		{2771FED0-55CC-4EC1-9ED3-4AA32A3C4256}.Release|ARM.Build.0 = Release|ARM
		{2771FED0-55CC-4EC1-9ED3-4AA32A3C4256}.Release|ARM.Deploy.0 = Release|ARM
		{2771FED0-55CC-4EC1-9ED3-4AA32A3C4256}.Release|ARM64.ActiveCfg = Release|ARM64
		{2771FED0-55CC-4EC1-9ED3-4AA32A3C4256}.Release|ARM64.Build.0 = Release|ARM64
		{2771FED0-55CC-4EC1-9ED3-4AA32A3C4256}.Release|ARM64.Deploy.0 = Release|ARM64
		{2771FED0-55CC-4EC1-9ED3-4AA32A3C4256}.Release|x64.ActiveCfg = Release|x64
		{2771FED0-55CC-4EC1-9ED3-4AA32A3C4256}.Release|x64.Build.0 = Release|x64
		{2771FED0-55CC-4EC1-9ED3-4AA32A3C4256}.Release|x64.Deploy.0 = Release|x64
		{2771FED0-55CC-4EC1-9ED3-4AA32A3C4256}.Release|x86.ActiveCfg = Release|Win32
		{2771FED0-55CC-4EC1-9ED3-4AA32A3C4256}.Release|x86.Build.0 = Release|Win32
		{2771FED0-55CC-4EC1-9ED3-4AA32A3C4256}.Release|x86.Deploy.0 = Release|Win32
		{F9DC4D0E-4F16-4DDD-9FA0-46EAB07B7AB1}.Debug|Any CPU.ActiveCfg = Debug|x64
		{F9DC4D0E-4F16-4DDD-9FA0-46EAB07B7AB1}.Debug|Any CPU.Build.0 = Debug|x64
		{F9DC4D0E-4F16-4DDD-9FA0-46EAB07B7AB1}.Debug|ARM.ActiveCfg = Debug|Win32
		{F9DC4D0E-4F16-4DDD-9FA0-46EAB07B7AB1}.Debug|ARM64.ActiveCfg = Debug|Win32
		{F9DC4D0E-4F16-4DDD-9FA0-46EAB07B7AB1}.Debug|x64.ActiveCfg = Debug|x64
		{F9DC4D0E-4F16-4DDD-9FA0-46EAB07B7AB1}.Debug|x64.Build.0 = Debug|x64
		{F9DC4D0E-4F16-4DDD-9FA0-46EAB07B7AB1}.Debug|x86.ActiveCfg = Debug|Win32
		{F9DC4D0E-4F16-4DDD-9FA0-46EAB07B7AB1}.Debug|x86.Build.0 = Debug|Win32
		{F9DC4D0E-4F16-4DDD-9FA0-46EAB07B7AB1}.Release|Any CPU.ActiveCfg = Release|x64
		{F9DC4D0E-4F16-4DDD-9FA0-46EAB07B7AB1}.Release|Any CPU.Build.0 = Release|x64
		{F9DC4D0E-4F16-4DDD-9FA0-46EAB07B7AB1}.Release|ARM.ActiveCfg = Release|Win32
		{F9DC4D0E-4F16-4DDD-9FA0-46EAB07B7AB1}.Release|ARM64.ActiveCfg = Release|Win32
		{F9DC4D0E-4F16-4DDD-9FA0-46EAB07B7AB1}.Release|x64.ActiveCfg = Release|x64
		{F9DC4D0E-4F16-4DDD-9FA0-46EAB07B7AB1}.Release|x64.Build.0 = Release|x64
		{F9DC4D0E-4F16-4DDD-9FA0-46EAB07B7AB1}.Release|x86.ActiveCfg = Release|Win32
		{F9DC4D0E-4F16-4DDD-9FA0-46EAB07B7AB1}.Release|x86.Build.0 = Release|Win32
		{329AD1E4-D2A5-4373-A774-CDAC08ACB21A}.Debug|Any CPU.ActiveCfg = Debug|Any CPU
		{329AD1E4-D2A5-4373-A774-CDAC08ACB21A}.Debug|Any CPU.Build.0 = Debug|Any CPU
		{329AD1E4-D2A5-4373-A774-CDAC08ACB21A}.Debug|ARM.ActiveCfg = Debug|Any CPU
		{329AD1E4-D2A5-4373-A774-CDAC08ACB21A}.Debug|ARM.Build.0 = Debug|Any CPU
		{329AD1E4-D2A5-4373-A774-CDAC08ACB21A}.Debug|ARM64.ActiveCfg = Debug|Any CPU
		{329AD1E4-D2A5-4373-A774-CDAC08ACB21A}.Debug|ARM64.Build.0 = Debug|Any CPU
		{329AD1E4-D2A5-4373-A774-CDAC08ACB21A}.Debug|x64.ActiveCfg = Debug|Any CPU
		{329AD1E4-D2A5-4373-A774-CDAC08ACB21A}.Debug|x64.Build.0 = Debug|Any CPU
		{329AD1E4-D2A5-4373-A774-CDAC08ACB21A}.Debug|x86.ActiveCfg = Debug|Any CPU
		{329AD1E4-D2A5-4373-A774-CDAC08ACB21A}.Debug|x86.Build.0 = Debug|Any CPU
		{329AD1E4-D2A5-4373-A774-CDAC08ACB21A}.Release|Any CPU.ActiveCfg = Release|Any CPU
		{329AD1E4-D2A5-4373-A774-CDAC08ACB21A}.Release|Any CPU.Build.0 = Release|Any CPU
		{329AD1E4-D2A5-4373-A774-CDAC08ACB21A}.Release|ARM.ActiveCfg = Release|Any CPU
		{329AD1E4-D2A5-4373-A774-CDAC08ACB21A}.Release|ARM.Build.0 = Release|Any CPU
		{329AD1E4-D2A5-4373-A774-CDAC08ACB21A}.Release|ARM64.ActiveCfg = Release|Any CPU
		{329AD1E4-D2A5-4373-A774-CDAC08ACB21A}.Release|ARM64.Build.0 = Release|Any CPU
		{329AD1E4-D2A5-4373-A774-CDAC08ACB21A}.Release|x64.ActiveCfg = Release|Any CPU
		{329AD1E4-D2A5-4373-A774-CDAC08ACB21A}.Release|x64.Build.0 = Release|Any CPU
		{329AD1E4-D2A5-4373-A774-CDAC08ACB21A}.Release|x86.ActiveCfg = Release|Any CPU
		{329AD1E4-D2A5-4373-A774-CDAC08ACB21A}.Release|x86.Build.0 = Release|Any CPU
		{A1E0E6C7-C733-4228-8FF2-27DD2A98B902}.Debug|Any CPU.ActiveCfg = Debug|Any CPU
		{A1E0E6C7-C733-4228-8FF2-27DD2A98B902}.Debug|Any CPU.Build.0 = Debug|Any CPU
		{A1E0E6C7-C733-4228-8FF2-27DD2A98B902}.Debug|ARM.ActiveCfg = Debug|Any CPU
		{A1E0E6C7-C733-4228-8FF2-27DD2A98B902}.Debug|ARM.Build.0 = Debug|Any CPU
		{A1E0E6C7-C733-4228-8FF2-27DD2A98B902}.Debug|ARM64.ActiveCfg = Debug|Any CPU
		{A1E0E6C7-C733-4228-8FF2-27DD2A98B902}.Debug|ARM64.Build.0 = Debug|Any CPU
		{A1E0E6C7-C733-4228-8FF2-27DD2A98B902}.Debug|x64.ActiveCfg = Debug|Any CPU
		{A1E0E6C7-C733-4228-8FF2-27DD2A98B902}.Debug|x64.Build.0 = Debug|Any CPU
		{A1E0E6C7-C733-4228-8FF2-27DD2A98B902}.Debug|x86.ActiveCfg = Debug|Any CPU
		{A1E0E6C7-C733-4228-8FF2-27DD2A98B902}.Debug|x86.Build.0 = Debug|Any CPU
		{A1E0E6C7-C733-4228-8FF2-27DD2A98B902}.Release|Any CPU.ActiveCfg = Release|Any CPU
		{A1E0E6C7-C733-4228-8FF2-27DD2A98B902}.Release|Any CPU.Build.0 = Release|Any CPU
		{A1E0E6C7-C733-4228-8FF2-27DD2A98B902}.Release|ARM.ActiveCfg = Release|Any CPU
		{A1E0E6C7-C733-4228-8FF2-27DD2A98B902}.Release|ARM.Build.0 = Release|Any CPU
		{A1E0E6C7-C733-4228-8FF2-27DD2A98B902}.Release|ARM64.ActiveCfg = Release|Any CPU
		{A1E0E6C7-C733-4228-8FF2-27DD2A98B902}.Release|ARM64.Build.0 = Release|Any CPU
		{A1E0E6C7-C733-4228-8FF2-27DD2A98B902}.Release|x64.ActiveCfg = Release|Any CPU
		{A1E0E6C7-C733-4228-8FF2-27DD2A98B902}.Release|x64.Build.0 = Release|Any CPU
		{A1E0E6C7-C733-4228-8FF2-27DD2A98B902}.Release|x86.ActiveCfg = Release|Any CPU
		{A1E0E6C7-C733-4228-8FF2-27DD2A98B902}.Release|x86.Build.0 = Release|Any CPU
		{708775E8-A45A-4BF8-8082-1A5A0530EF88}.Debug|Any CPU.ActiveCfg = Debug|Any CPU
		{708775E8-A45A-4BF8-8082-1A5A0530EF88}.Debug|Any CPU.Build.0 = Debug|Any CPU
		{708775E8-A45A-4BF8-8082-1A5A0530EF88}.Debug|ARM.ActiveCfg = Debug|Any CPU
		{708775E8-A45A-4BF8-8082-1A5A0530EF88}.Debug|ARM.Build.0 = Debug|Any CPU
		{708775E8-A45A-4BF8-8082-1A5A0530EF88}.Debug|ARM64.ActiveCfg = Debug|Any CPU
		{708775E8-A45A-4BF8-8082-1A5A0530EF88}.Debug|ARM64.Build.0 = Debug|Any CPU
		{708775E8-A45A-4BF8-8082-1A5A0530EF88}.Debug|x64.ActiveCfg = Debug|Any CPU
		{708775E8-A45A-4BF8-8082-1A5A0530EF88}.Debug|x64.Build.0 = Debug|Any CPU
		{708775E8-A45A-4BF8-8082-1A5A0530EF88}.Debug|x86.ActiveCfg = Debug|Any CPU
		{708775E8-A45A-4BF8-8082-1A5A0530EF88}.Debug|x86.Build.0 = Debug|Any CPU
		{708775E8-A45A-4BF8-8082-1A5A0530EF88}.Release|Any CPU.ActiveCfg = Release|Any CPU
		{708775E8-A45A-4BF8-8082-1A5A0530EF88}.Release|Any CPU.Build.0 = Release|Any CPU
		{708775E8-A45A-4BF8-8082-1A5A0530EF88}.Release|ARM.ActiveCfg = Release|Any CPU
		{708775E8-A45A-4BF8-8082-1A5A0530EF88}.Release|ARM.Build.0 = Release|Any CPU
		{708775E8-A45A-4BF8-8082-1A5A0530EF88}.Release|ARM64.ActiveCfg = Release|Any CPU
		{708775E8-A45A-4BF8-8082-1A5A0530EF88}.Release|ARM64.Build.0 = Release|Any CPU
		{708775E8-A45A-4BF8-8082-1A5A0530EF88}.Release|x64.ActiveCfg = Release|Any CPU
		{708775E8-A45A-4BF8-8082-1A5A0530EF88}.Release|x64.Build.0 = Release|Any CPU
		{708775E8-A45A-4BF8-8082-1A5A0530EF88}.Release|x86.ActiveCfg = Release|Any CPU
		{708775E8-A45A-4BF8-8082-1A5A0530EF88}.Release|x86.Build.0 = Release|Any CPU
	EndGlobalSection
	GlobalSection(SolutionProperties) = preSolution
		HideSolutionNode = FALSE
	EndGlobalSection
	GlobalSection(ExtensibilityGlobals) = postSolution
		SolutionGuid = {B164CF15-1B1E-4FFA-86C8-4CA25E62D4DA}
	EndGlobalSection
EndGlobal
